
Microsoft Visual Studio Solution File, Format Version 12.00
# Visual Studio Version 17
VisualStudioVersion = 17.5.002.0
MinimumVisualStudioVersion = 10.0.40219.1
Project("{2150E333-8FDC-42A3-9474-1A3956D46DE8}") = "CN", "CN", "{338DAFE0-830F-4155-9E29-D47BCF83CCD6}"
EndProject
Project("{9A19103F-16F7-4668-BE54-9A1E7A4F7556}") = "tema2", "CN\tema2\tema2.csproj", "{5457F123-347D-4153-BC60-B80AF4F5020C}"
EndProject
Project("{9A19103F-16F7-4668-BE54-9A1E7A4F7556}") = "tema3", "CN\tema3\tema3.csproj", "{5E7260C1-4AFC-4DA7-B512-9099C52D2883}"
EndProject
Global
	GlobalSection(SolutionConfigurationPlatforms) = preSolution
		Debug|Any CPU = Debug|Any CPU
		Release|Any CPU = Release|Any CPU
	EndGlobalSection
	GlobalSection(ProjectConfigurationPlatforms) = postSolution
		{5457F123-347D-4153-BC60-B80AF4F5020C}.Debug|Any CPU.ActiveCfg = Debug|Any CPU
		{5457F123-347D-4153-BC60-B80AF4F5020C}.Debug|Any CPU.Build.0 = Debug|Any CPU
		{5457F123-347D-4153-BC60-B80AF4F5020C}.Release|Any CPU.ActiveCfg = Release|Any CPU
		{5457F123-347D-4153-BC60-B80AF4F5020C}.Release|Any CPU.Build.0 = Release|Any CPU
		{5E7260C1-4AFC-4DA7-B512-9099C52D2883}.Debug|Any CPU.ActiveCfg = Debug|Any CPU
		{5E7260C1-4AFC-4DA7-B512-9099C52D2883}.Debug|Any CPU.Build.0 = Debug|Any CPU
		{5E7260C1-4AFC-4DA7-B512-9099C52D2883}.Release|Any CPU.ActiveCfg = Release|Any CPU
		{5E7260C1-4AFC-4DA7-B512-9099C52D2883}.Release|Any CPU.Build.0 = Release|Any CPU
	EndGlobalSection
	GlobalSection(SolutionProperties) = preSolution
		HideSolutionNode = FALSE
	EndGlobalSection
	GlobalSection(NestedProjects) = preSolution
		{5457F123-347D-4153-BC60-B80AF4F5020C} = {338DAFE0-830F-4155-9E29-D47BCF83CCD6}
		{5E7260C1-4AFC-4DA7-B512-9099C52D2883} = {338DAFE0-830F-4155-9E29-D47BCF83CCD6}
	EndGlobalSection
	GlobalSection(ExtensibilityGlobals) = postSolution
		SolutionGuid = {3BFB1182-BC88-49D5-B456-77D174FD2293}
	EndGlobalSection
EndGlobal
